
Microsoft Visual Studio Solution File, Format Version 12.00
# Visual Studio Version 16
VisualStudioVersion = 16.0.29009.5
MinimumVisualStudioVersion = 10.0.40219.1
Project("{FAE04EC0-301F-11D3-BF4B-00C04F79EFBC}") = "ExcelLinkage", "ExcelLinkage.csproj", "{1CAF17AE-4255-4F27-A42A-EB7426F80167}"
EndProject
Global
	GlobalSection(SolutionConfigurationPlatforms) = preSolution
		Debug|Any CPU = Debug|Any CPU
		Release|Any CPU = Release|Any CPU
	EndGlobalSection
	GlobalSection(ProjectConfigurationPlatforms) = postSolution
		{1CAF17AE-4255-4F27-A42A-EB7426F80167}.Debug|Any CPU.ActiveCfg = Debug|Any CPU
		{1CAF17AE-4255-4F27-A42A-EB7426F80167}.Debug|Any CPU.Build.0 = Debug|Any CPU
		{1CAF17AE-4255-4F27-A42A-EB7426F80167}.Release|Any CPU.ActiveCfg = Release|Any CPU
		{1CAF17AE-4255-4F27-A42A-EB7426F80167}.Release|Any CPU.Build.0 = Release|Any CPU
	EndGlobalSection
	GlobalSection(SolutionProperties) = preSolution
		HideSolutionNode = FALSE
	EndGlobalSection
	GlobalSection(ExtensibilityGlobals) = postSolution
		SolutionGuid = {F48F8D56-F501-4E35-BFC3-7F2BDC763D33}
	EndGlobalSection
EndGlobal
